
Microsoft Visual Studio Solution File, Format Version 12.00
# Visual Studio Version 16
VisualStudioVersion = 16.0.34407.143
MinimumVisualStudioVersion = 10.0.40219.1
Project("{FAE04EC0-301F-11D3-BF4B-00C04F79EFBC}") = "CaptureFloating", "CaptureFloating\CaptureFloating.csproj", "{644B0633-4D51-436B-8461-9CECA4F81E52}"
EndProject
Global
	GlobalSection(SolutionConfigurationPlatforms) = preSolution
		Debug|Any CPU = Debug|Any CPU
		Release|Any CPU = Release|Any CPU
	EndGlobalSection
	GlobalSection(ProjectConfigurationPlatforms) = postSolution
		{644B0633-4D51-436B-8461-9CECA4F81E52}.Debug|Any CPU.ActiveCfg = Debug|Any CPU
		{644B0633-4D51-436B-8461-9CECA4F81E52}.Debug|Any CPU.Build.0 = Debug|Any CPU
		{644B0633-4D51-436B-8461-9CECA4F81E52}.Release|Any CPU.ActiveCfg = Release|Any CPU
		{644B0633-4D51-436B-8461-9CECA4F81E52}.Release|Any CPU.Build.0 = Release|Any CPU
	EndGlobalSection
	GlobalSection(SolutionProperties) = preSolution
		HideSolutionNode = FALSE
	EndGlobalSection
	GlobalSection(ExtensibilityGlobals) = postSolution
		SolutionGuid = {6FB344AF-7D1C-4035-9E78-A614586C0C61}
	EndGlobalSection
EndGlobal
